{
    "_meta": {
        "hash": {
            "sha256": "e0ef95d1eff43e069327e9e9c160ab91bc310b1d5f28627cfa71200b0cdc11fb"
        },
        "pipfile-spec": 6,
        "requires": {
            "python_version": "3.8"
        },
        "sources": [
            {
                "name": "pypi",
                "url": "https://pypi.org/simple",
                "verify_ssl": true
            }
        ]
    },
    "default": {
        "cx-freeze": {
            "hashes": [
                "sha256:14b6b4f1c4d87cc2df15a6711e313efe29fa360b3681f339cef5c9c827316a32",
                "sha256:2f5abc048ca301f2fced6d7d85d65652b830e638d382c683871103a9b76f2f86",
                "sha256:2f88953368ccaf7e831e76e4319663395040ffa536788f66b160e84eee20f927",
                "sha256:4629be351be697e9f2ccaff0df53c0defcf7dcf056a5ba96843f7a80e70c7fe2",
                "sha256:54e944ec296b3011b36e6f43bea2d4044689c0f4e46d9033ba7604833eac8523",
                "sha256:7702c0a87a3a14d4d0800867371385827564f074a3a78f3f97682ffc4d50384f",
                "sha256:d8be484456438ef476a53c2e4e5b97e86eabb046e516ab8ba07eda49d3cccbf9",
                "sha256:f2209cc23dd750883816954c744a724bccddf94405a09f60f28b1119d9ceffba",
                "sha256:fe383cb4e9fa7b846ea603102103934f638392e63dd8eb753de47f688a80b3cb"
            ],
            "index": "pypi",
            "version": "==6.3"
        },
        "importlib-metadata": {
            "hashes": [
                "sha256:ace61d5fc652dc280e7b6b4ff732a9c2d40db2c0f92bc6cb74e07b73d53a1771",
                "sha256:fa5daa4477a7414ae34e95942e4dd07f62adf589143c875c133c1e53c4eff38d"
            ],
            "markers": "python_version >= '3.6'",
            "version": "==3.4.0"
        },
        "zipp": {
            "hashes": [
                "sha256:102c24ef8f171fd729d46599845e95c7ab894a4cf45f5de11a44cc7444fb1108",
                "sha256:ed5eee1974372595f9e416cc7bbeeb12335201d8081ca8a0743c954d4446e5cb"
            ],
            "markers": "python_version >= '3.6'",
            "version": "==3.4.0"
        }
    },
    "develop": {}
}
