{
    "_meta": {
        "hash": {
            "sha256": "cdf4f37af51c6b9bf892d8717a6d186618114076b40fb23f247fcdbcb194e684"
        },
        "pipfile-spec": 6,
        "requires": {
            "python_version": "3.7"
        },
        "sources": [
            {
                "name": "pypi",
                "url": "https://pypi.org/simple",
                "verify_ssl": true
            }
        ]
    },
    "default": {
        "cx-freeze": {
            "hashes": [
                "sha256:26b30c2e80c2207e3a20d2ab4f29a4294f27b26ce21b10d2982f0e099add935e",
                "sha256:44bbbcea3196b79da77cc22637cb28a825b51182d32209e8a3f6cd4042edc247",
                "sha256:62bc70c3cd99ddc694afa5e27e73a8343a69194e73ad93f950750af3dfa635ea",
                "sha256:7f9e75b45f075165556cc5a2476f0b4991570d58d94a755e01dfe303cb46ec71",
                "sha256:ae337ed2f8ee6bbf74c42770545f3452e91ef2c2687210185d448477e906a044",
                "sha256:c226fda36e1ada3829df5720d57bf5883c601949c9e76868b0ba6519fd230f5a",
                "sha256:c3448afc50e3dd1aaddb0f1a869f68260f061d86fcda71f440587438a889b2fc",
                "sha256:cb734b0ea917c0fbf74a183fa2c816b8d67537e028aaa8c855f84d530f335fdd",
                "sha256:f7e312aa31717556c23c1624f351da81c1409ac297b12542520ed30400842c20"
            ],
            "index": "pypi",
            "version": "==6.2"
        }
    },
    "develop": {}
}
